
Microsoft Visual Studio Solution File, Format Version 12.00
# Visual Studio Version 17
VisualStudioVersion = 17.4.33213.308
MinimumVisualStudioVersion = 10.0.40219.1
Project("{FAE04EC0-301F-11D3-BF4B-00C04F79EFBC}") = "FavoriteSong", "FavoriteSong\FavoriteSong.csproj", "{95A9842E-03FF-4AD0-B4A2-32083341CE7D}"
EndProject
Global
	GlobalSection(SolutionConfigurationPlatforms) = preSolution
		Debug|Any CPU = Debug|Any CPU
		Release|Any CPU = Release|Any CPU
	EndGlobalSection
	GlobalSection(ProjectConfigurationPlatforms) = postSolution
		{95A9842E-03FF-4AD0-B4A2-32083341CE7D}.Debug|Any CPU.ActiveCfg = Debug|Any CPU
		{95A9842E-03FF-4AD0-B4A2-32083341CE7D}.Debug|Any CPU.Build.0 = Debug|Any CPU
		{95A9842E-03FF-4AD0-B4A2-32083341CE7D}.Release|Any CPU.ActiveCfg = Release|Any CPU
		{95A9842E-03FF-4AD0-B4A2-32083341CE7D}.Release|Any CPU.Build.0 = Release|Any CPU
	EndGlobalSection
	GlobalSection(SolutionProperties) = preSolution
		HideSolutionNode = FALSE
	EndGlobalSection
	GlobalSection(ExtensibilityGlobals) = postSolution
		SolutionGuid = {4ABCB0A0-F507-45A7-A926-74844EEC8827}
	EndGlobalSection
EndGlobal
